
Microsoft Visual Studio Solution File, Format Version 12.00
Project("{FAE04EC0-301F-11D3-BF4B-00C04F79EFBC}") = "Domain", "Domain\Domain.csproj", "{117DACB2-FDC9-4E88-AD29-2C7C9F713F3A}"
EndProject
Project("{FAE04EC0-301F-11D3-BF4B-00C04F79EFBC}") = "Application", "Application\Application.csproj", "{836E0375-D176-4AFA-8BCF-3BE3D577A823}"
EndProject
Project("{FAE04EC0-301F-11D3-BF4B-00C04F79EFBC}") = "Infrastructure", "Infrastructure\Infrastructure.csproj", "{41F70D1C-7A1E-4187-B5A6-A684141F7801}"
EndProject
Global
	GlobalSection(SolutionConfigurationPlatforms) = preSolution
		Debug|Any CPU = Debug|Any CPU
		Release|Any CPU = Release|Any CPU
	EndGlobalSection
	GlobalSection(ProjectConfigurationPlatforms) = postSolution
		{117DACB2-FDC9-4E88-AD29-2C7C9F713F3A}.Debug|Any CPU.ActiveCfg = Debug|Any CPU
		{117DACB2-FDC9-4E88-AD29-2C7C9F713F3A}.Debug|Any CPU.Build.0 = Debug|Any CPU
		{117DACB2-FDC9-4E88-AD29-2C7C9F713F3A}.Release|Any CPU.ActiveCfg = Release|Any CPU
		{117DACB2-FDC9-4E88-AD29-2C7C9F713F3A}.Release|Any CPU.Build.0 = Release|Any CPU
		{836E0375-D176-4AFA-8BCF-3BE3D577A823}.Debug|Any CPU.ActiveCfg = Debug|Any CPU
		{836E0375-D176-4AFA-8BCF-3BE3D577A823}.Debug|Any CPU.Build.0 = Debug|Any CPU
		{836E0375-D176-4AFA-8BCF-3BE3D577A823}.Release|Any CPU.ActiveCfg = Release|Any CPU
		{836E0375-D176-4AFA-8BCF-3BE3D577A823}.Release|Any CPU.Build.0 = Release|Any CPU
		{41F70D1C-7A1E-4187-B5A6-A684141F7801}.Debug|Any CPU.ActiveCfg = Debug|Any CPU
		{41F70D1C-7A1E-4187-B5A6-A684141F7801}.Debug|Any CPU.Build.0 = Debug|Any CPU
		{41F70D1C-7A1E-4187-B5A6-A684141F7801}.Release|Any CPU.ActiveCfg = Release|Any CPU
		{41F70D1C-7A1E-4187-B5A6-A684141F7801}.Release|Any CPU.Build.0 = Release|Any CPU
	EndGlobalSection
EndGlobal
